
Microsoft Visual Studio Solution File, Format Version 12.00
# Visual Studio Version 17
VisualStudioVersion = 17.5.33530.505
MinimumVisualStudioVersion = 10.0.40219.1
Project("{FAE04EC0-301F-11D3-BF4B-00C04F79EFBC}") = "Evaluation Manager", "Evaluation Manager\Evaluation Manager.csproj", "{0ACF9131-15C4-4FE4-9EF8-5E09F7E99823}"
EndProject
Global
	GlobalSection(SolutionConfigurationPlatforms) = preSolution
		Debug|Any CPU = Debug|Any CPU
		Release|Any CPU = Release|Any CPU
	EndGlobalSection
	GlobalSection(ProjectConfigurationPlatforms) = postSolution
		{0ACF9131-15C4-4FE4-9EF8-5E09F7E99823}.Debug|Any CPU.ActiveCfg = Debug|Any CPU
		{0ACF9131-15C4-4FE4-9EF8-5E09F7E99823}.Debug|Any CPU.Build.0 = Debug|Any CPU
		{0ACF9131-15C4-4FE4-9EF8-5E09F7E99823}.Release|Any CPU.ActiveCfg = Release|Any CPU
		{0ACF9131-15C4-4FE4-9EF8-5E09F7E99823}.Release|Any CPU.Build.0 = Release|Any CPU
	EndGlobalSection
	GlobalSection(SolutionProperties) = preSolution
		HideSolutionNode = FALSE
	EndGlobalSection
	GlobalSection(ExtensibilityGlobals) = postSolution
		SolutionGuid = {2BEF8D68-093C-4F51-8C47-C999DE92478F}
	EndGlobalSection
EndGlobal
